{
  "name": "spaceship-prompt",
  "version": "3.11.2",
  "lockfileVersion": 1,
  "requires": true,
  "dependencies": {
    "ervy": {
      "version": "1.0.7",
      "resolved": "https://registry.npmjs.org/ervy/-/ervy-1.0.7.tgz",
      "integrity": "sha512-LyHLPwIKxCKKtTO/qBMFzwA1BD5IjpM0AA3k6CeK9hrEn4Kbayi93G9eD/Ko4suEIjerSl7YpMmaOoL0g9OCoQ=="
    },
    "qov": {
      "version": "1.0.3",
      "resolved": "https://registry.npmjs.org/qov/-/qov-1.0.3.tgz",
      "integrity": "sha512-PC1zhAFMXQQ438axmECdeREw3CEC+L9kxtrCBVPxQiyypN/tPTp7gLbBswbWpGXTl7iYKejsuSBzQrfm+ZFuWw=="
    }
  }
}
